
Microsoft Visual Studio Solution File, Format Version 12.00
Project("{FAE04EC0-301F-11D3-BF4B-00C04F79EFBC}") = "Valuator", "Valuator\Valuator.csproj", "{4E62368D-B6BA-4FC9-8A3A-DB7D341FD737}"
EndProject
Project("{FAE04EC0-301F-11D3-BF4B-00C04F79EFBC}") = "RankCalculator", "RankCalculator\RankCalculator.csproj", "{0DE05878-48C8-4360-B284-7496120D873B}"
EndProject
Project("{FAE04EC0-301F-11D3-BF4B-00C04F79EFBC}") = "SharedLibrary", "SharedLibrary\SharedLibrary.csproj", "{7C17644A-6C21-4B5F-8A05-C607B029AF0D}"
EndProject
Project("{FAE04EC0-301F-11D3-BF4B-00C04F79EFBC}") = "EventsLogger", "EventsLogger\EventsLogger.csproj", "{F9A65987-BBCD-4B21-8256-20D1BE064E9B}"
EndProject
Global
	GlobalSection(SolutionConfigurationPlatforms) = preSolution
		Debug|Any CPU = Debug|Any CPU
		Release|Any CPU = Release|Any CPU
	EndGlobalSection
	GlobalSection(ProjectConfigurationPlatforms) = postSolution
		{4E62368D-B6BA-4FC9-8A3A-DB7D341FD737}.Debug|Any CPU.ActiveCfg = Debug|Any CPU
		{4E62368D-B6BA-4FC9-8A3A-DB7D341FD737}.Debug|Any CPU.Build.0 = Debug|Any CPU
		{4E62368D-B6BA-4FC9-8A3A-DB7D341FD737}.Release|Any CPU.ActiveCfg = Release|Any CPU
		{4E62368D-B6BA-4FC9-8A3A-DB7D341FD737}.Release|Any CPU.Build.0 = Release|Any CPU
		{0DE05878-48C8-4360-B284-7496120D873B}.Debug|Any CPU.ActiveCfg = Debug|Any CPU
		{0DE05878-48C8-4360-B284-7496120D873B}.Debug|Any CPU.Build.0 = Debug|Any CPU
		{0DE05878-48C8-4360-B284-7496120D873B}.Release|Any CPU.ActiveCfg = Release|Any CPU
		{0DE05878-48C8-4360-B284-7496120D873B}.Release|Any CPU.Build.0 = Release|Any CPU
		{7C17644A-6C21-4B5F-8A05-C607B029AF0D}.Debug|Any CPU.ActiveCfg = Debug|Any CPU
		{7C17644A-6C21-4B5F-8A05-C607B029AF0D}.Debug|Any CPU.Build.0 = Debug|Any CPU
		{7C17644A-6C21-4B5F-8A05-C607B029AF0D}.Release|Any CPU.ActiveCfg = Release|Any CPU
		{7C17644A-6C21-4B5F-8A05-C607B029AF0D}.Release|Any CPU.Build.0 = Release|Any CPU
		{F9A65987-BBCD-4B21-8256-20D1BE064E9B}.Debug|Any CPU.ActiveCfg = Debug|Any CPU
		{F9A65987-BBCD-4B21-8256-20D1BE064E9B}.Debug|Any CPU.Build.0 = Debug|Any CPU
		{F9A65987-BBCD-4B21-8256-20D1BE064E9B}.Release|Any CPU.ActiveCfg = Release|Any CPU
		{F9A65987-BBCD-4B21-8256-20D1BE064E9B}.Release|Any CPU.Build.0 = Release|Any CPU
	EndGlobalSection
EndGlobal
