
Microsoft Visual Studio Solution File, Format Version 12.00
# Visual Studio Version 16
VisualStudioVersion = 16.0.30804.86
MinimumVisualStudioVersion = 10.0.40219.1
Project("{FAE04EC0-301F-11D3-BF4B-00C04F79EFBC}") = "Client", "Client\Client.csproj", "{7FD9B2A7-99DB-4B1C-B76D-1B8CA994F7C3}"
EndProject
Project("{FAE04EC0-301F-11D3-BF4B-00C04F79EFBC}") = "SharedLib", "SharedLib\SharedLib.csproj", "{F377701C-A2A4-4A2C-AA18-A633EED89BAA}"
EndProject
Project("{FAE04EC0-301F-11D3-BF4B-00C04F79EFBC}") = "Server", "Server\Server.csproj", "{0A2D8603-53AE-413A-A005-F4B26F35BA3E}"
EndProject
Global
	GlobalSection(SolutionConfigurationPlatforms) = preSolution
		Debug|Any CPU = Debug|Any CPU
		Release|Any CPU = Release|Any CPU
	EndGlobalSection
	GlobalSection(ProjectConfigurationPlatforms) = postSolution
		{7FD9B2A7-99DB-4B1C-B76D-1B8CA994F7C3}.Debug|Any CPU.ActiveCfg = Debug|Any CPU
		{7FD9B2A7-99DB-4B1C-B76D-1B8CA994F7C3}.Debug|Any CPU.Build.0 = Debug|Any CPU
		{7FD9B2A7-99DB-4B1C-B76D-1B8CA994F7C3}.Release|Any CPU.ActiveCfg = Release|Any CPU
		{7FD9B2A7-99DB-4B1C-B76D-1B8CA994F7C3}.Release|Any CPU.Build.0 = Release|Any CPU
		{F377701C-A2A4-4A2C-AA18-A633EED89BAA}.Debug|Any CPU.ActiveCfg = Debug|Any CPU
		{F377701C-A2A4-4A2C-AA18-A633EED89BAA}.Debug|Any CPU.Build.0 = Debug|Any CPU
		{F377701C-A2A4-4A2C-AA18-A633EED89BAA}.Release|Any CPU.ActiveCfg = Release|Any CPU
		{F377701C-A2A4-4A2C-AA18-A633EED89BAA}.Release|Any CPU.Build.0 = Release|Any CPU
		{0A2D8603-53AE-413A-A005-F4B26F35BA3E}.Debug|Any CPU.ActiveCfg = Debug|Any CPU
		{0A2D8603-53AE-413A-A005-F4B26F35BA3E}.Debug|Any CPU.Build.0 = Debug|Any CPU
		{0A2D8603-53AE-413A-A005-F4B26F35BA3E}.Release|Any CPU.ActiveCfg = Release|Any CPU
		{0A2D8603-53AE-413A-A005-F4B26F35BA3E}.Release|Any CPU.Build.0 = Release|Any CPU
	EndGlobalSection
	GlobalSection(SolutionProperties) = preSolution
		HideSolutionNode = FALSE
	EndGlobalSection
	GlobalSection(ExtensibilityGlobals) = postSolution
		SolutionGuid = {A6BC7850-E39C-4E00-8A9F-C1C25EEA2C33}
	EndGlobalSection
EndGlobal
